
Microsoft Visual Studio Solution File, Format Version 12.00
# Visual Studio Version 17
VisualStudioVersion = 17.11.35312.102
MinimumVisualStudioVersion = 10.0.40219.1
Project("{9A19103F-16F7-4668-BE54-9A1E7A4F7556}") = "BlazorAuto", "BlazorAuto\BlazorAuto\BlazorAuto.csproj", "{1BE4D3D0-D7D6-4EB7-868A-8C943AEEDDD6}"
EndProject
Project("{9A19103F-16F7-4668-BE54-9A1E7A4F7556}") = "BlazorAuto.Client", "BlazorAuto\BlazorAuto.Client\BlazorAuto.Client.csproj", "{D9CCD5E2-8DA1-4FE2-AA02-A726C995788B}"
EndProject
Project("{9A19103F-16F7-4668-BE54-9A1E7A4F7556}") = "Blazor.Shared", "Blazor.Shared\Blazor.Shared.csproj", "{3A5AA724-2753-4FD9-BBEF-277EF09D2903}"
EndProject
Project("{9A19103F-16F7-4668-BE54-9A1E7A4F7556}") = "BootstrapBlazor", "BootstrapBlazor\BootstrapBlazor.csproj", "{CCE2B2E4-064E-4208-923F-057890B0C774}"
EndProject
Project("{2150E333-8FDC-42A3-9474-1A3956D46DE8}") = "03Shared", "03Shared", "{356231BF-09C8-4987-ABB2-944C7201F921}"
EndProject
Project("{2150E333-8FDC-42A3-9474-1A3956D46DE8}") = "02Demo", "02Demo", "{9946B2CE-3E86-44D9-B865-C639993EF1CA}"
EndProject
Project("{2150E333-8FDC-42A3-9474-1A3956D46DE8}") = "01Blazor", "01Blazor", "{F2393146-0E2A-4579-B02B-BBFF3A2E08E0}"
EndProject
Project("{9A19103F-16F7-4668-BE54-9A1E7A4F7556}") = "BootstrapBlazor.OnlyServer", "BootstrapBlazor.OnlyServer\BootstrapBlazor.OnlyServer.csproj", "{70C25984-E4F8-441C-BA49-62F512B77D87}"
EndProject
Project("{2150E333-8FDC-42A3-9474-1A3956D46DE8}") = "04YI.Abp", "04YI.Abp", "{D5312359-D123-44AD-BB1E-64357796F284}"
EndProject
Project("{9A19103F-16F7-4668-BE54-9A1E7A4F7556}") = "Yi.Framework.Rbac.Domain.Shared", "..\Yi-abp\Yi.Abp.Net8\module\rbac\Yi.Framework.Rbac.Domain.Shared\Yi.Framework.Rbac.Domain.Shared.csproj", "{A8E6D72F-C585-4A04-86F9-949AE3A8A378}"
EndProject
Project("{2150E333-8FDC-42A3-9474-1A3956D46DE8}") = "module", "module", "{C30DDE14-D7E4-43D3-B122-30820072A91F}"
EndProject
Project("{2150E333-8FDC-42A3-9474-1A3956D46DE8}") = "rbac", "rbac", "{D99894A2-40D5-4584-87C9-297C37BCC978}"
EndProject
Project("{2150E333-8FDC-42A3-9474-1A3956D46DE8}") = "framework", "framework", "{7A8CB8C3-9E1F-4ED1-ABD8-B81DA6FD2C04}"
EndProject
Project("{9A19103F-16F7-4668-BE54-9A1E7A4F7556}") = "Yi.Framework.AspNetCore", "..\Yi-abp\Yi.Abp.Net8\framework\Yi.Framework.AspNetCore\Yi.Framework.AspNetCore.csproj", "{65FB870C-380C-4280-AC07-1AA0E30F8974}"
EndProject
Project("{9A19103F-16F7-4668-BE54-9A1E7A4F7556}") = "Yi.Framework.AspNetCore.Authentication.OAuth", "..\Yi-abp\Yi.Abp.Net8\framework\Yi.Framework.AspNetCore.Authentication.OAuth\Yi.Framework.AspNetCore.Authentication.OAuth.csproj", "{72F0311D-7400-42F6-9E7A-78D34CC5F37D}"
EndProject
Project("{9A19103F-16F7-4668-BE54-9A1E7A4F7556}") = "Yi.Framework.Caching.FreeRedis", "..\Yi-abp\Yi.Abp.Net8\framework\Yi.Framework.Caching.FreeRedis\Yi.Framework.Caching.FreeRedis.csproj", "{FF457F70-682E-479A-BCDA-15E29BCF5414}"
EndProject
Project("{9A19103F-16F7-4668-BE54-9A1E7A4F7556}") = "Yi.Framework.Core", "..\Yi-abp\Yi.Abp.Net8\framework\Yi.Framework.Core\Yi.Framework.Core.csproj", "{A3D4144E-1AD5-4826-A639-93299C611C1D}"
EndProject
Project("{9A19103F-16F7-4668-BE54-9A1E7A4F7556}") = "Yi.Framework.Ddd.Application", "..\Yi-abp\Yi.Abp.Net8\framework\Yi.Framework.Ddd.Application\Yi.Framework.Ddd.Application.csproj", "{8BA40BF3-83D1-401B-B3C7-5B4AF3055344}"
EndProject
Project("{9A19103F-16F7-4668-BE54-9A1E7A4F7556}") = "Yi.Framework.Ddd.Application.Contracts", "..\Yi-abp\Yi.Abp.Net8\framework\Yi.Framework.Ddd.Application.Contracts\Yi.Framework.Ddd.Application.Contracts.csproj", "{AF415927-0A0C-4522-9F87-DA7F214C22D0}"
EndProject
Project("{9A19103F-16F7-4668-BE54-9A1E7A4F7556}") = "Yi.Framework.Mapster", "..\Yi-abp\Yi.Abp.Net8\framework\Yi.Framework.Mapster\Yi.Framework.Mapster.csproj", "{14F3D7FC-06BE-48EC-A40B-9DB2E412A4BF}"
EndProject
Project("{9A19103F-16F7-4668-BE54-9A1E7A4F7556}") = "Yi.Framework.SqlSugarCore", "..\Yi-abp\Yi.Abp.Net8\framework\Yi.Framework.SqlSugarCore\Yi.Framework.SqlSugarCore.csproj", "{04E491DD-3DB9-4E38-AF2C-3DC86CC853D1}"
EndProject
Project("{9A19103F-16F7-4668-BE54-9A1E7A4F7556}") = "Yi.Framework.SqlSugarCore.Abstractions", "..\Yi-abp\Yi.Abp.Net8\framework\Yi.Framework.SqlSugarCore.Abstractions\Yi.Framework.SqlSugarCore.Abstractions.csproj", "{A0CA376B-9F8B-4537-85D1-1FF2E06191E3}"
EndProject
Project("{9A19103F-16F7-4668-BE54-9A1E7A4F7556}") = "Yi.Framework.Rbac.Application.Contracts", "..\Yi-abp\Yi.Abp.Net8\module\rbac\Yi.Framework.Rbac.Application.Contracts\Yi.Framework.Rbac.Application.Contracts.csproj", "{153703CE-61F7-4E6E-8B58-E54E5823A19A}"
EndProject
Project("{2150E333-8FDC-42A3-9474-1A3956D46DE8}") = "bbs", "bbs", "{75C17049-0BFC-4B35-9085-13C958EEBDA7}"
EndProject
Project("{9A19103F-16F7-4668-BE54-9A1E7A4F7556}") = "Yi.Framework.Bbs.Application", "..\Yi-abp\Yi.Abp.Net8\module\bbs\Yi.Framework.Bbs.Application\Yi.Framework.Bbs.Application.csproj", "{6CCB0CF2-BE2D-4CA2-B998-1623C24A2AE0}"
EndProject
Project("{9A19103F-16F7-4668-BE54-9A1E7A4F7556}") = "Yi.Framework.Bbs.Application.Contracts", "..\Yi-abp\Yi.Abp.Net8\module\bbs\Yi.Framework.Bbs.Application.Contracts\Yi.Framework.Bbs.Application.Contracts.csproj", "{3F388B1B-E151-4768-9570-9ACE5D1AAA7F}"
EndProject
Project("{9A19103F-16F7-4668-BE54-9A1E7A4F7556}") = "Yi.Framework.Bbs.Domain", "..\Yi-abp\Yi.Abp.Net8\module\bbs\Yi.Framework.Bbs.Domain\Yi.Framework.Bbs.Domain.csproj", "{FC7591EB-3B82-49AB-91CD-C6801D24D37E}"
EndProject
Project("{9A19103F-16F7-4668-BE54-9A1E7A4F7556}") = "Yi.Framework.Bbs.Domain.Shared", "..\Yi-abp\Yi.Abp.Net8\module\bbs\Yi.Framework.Bbs.Domain.Shared\Yi.Framework.Bbs.Domain.Shared.csproj", "{96F5FBF2-1D7F-44B4-97D8-B8AD30CBC683}"
EndProject
Project("{9A19103F-16F7-4668-BE54-9A1E7A4F7556}") = "Yi.Framework.Bbs.SqlSugarCore", "..\Yi-abp\Yi.Abp.Net8\module\bbs\Yi.Framework.Bbs.SqlSugarCore\Yi.Framework.Bbs.SqlSugarCore.csproj", "{9B40CD29-3405-4D89-BF27-87D400FB7D5C}"
EndProject
Project("{9A19103F-16F7-4668-BE54-9A1E7A4F7556}") = "Yi.Framework.Rbac.Application", "..\Yi-abp\Yi.Abp.Net8\module\rbac\Yi.Framework.Rbac.Application\Yi.Framework.Rbac.Application.csproj", "{637583D5-4483-4CF8-9DA6-13DDDA0F7567}"
EndProject
Project("{9A19103F-16F7-4668-BE54-9A1E7A4F7556}") = "Yi.Framework.Rbac.Domain", "..\Yi-abp\Yi.Abp.Net8\module\rbac\Yi.Framework.Rbac.Domain\Yi.Framework.Rbac.Domain.csproj", "{95E9F2E8-54D4-42C4-8E08-5467944D09FE}"
EndProject
Project("{9A19103F-16F7-4668-BE54-9A1E7A4F7556}") = "Yi.Framework.Rbac.SqlSugarCore", "..\Yi-abp\Yi.Abp.Net8\module\rbac\Yi.Framework.Rbac.SqlSugarCore\Yi.Framework.Rbac.SqlSugarCore.csproj", "{04C7C925-FD4B-4AB7-B854-7FBAA4EDA240}"
EndProject
Project("{FAE04EC0-301F-11D3-BF4B-00C04F79EFBC}") = "BootstrapBlazor.OnlyServer1", "BootstrapBlazor.OnlyServer1\BootstrapBlazor.OnlyServer1.csproj", "{FE8BA93D-FF7D-4229-B888-6F85748B24E5}"
EndProject
Project("{FAE04EC0-301F-11D3-BF4B-00C04F79EFBC}") = "BootstrapBlazor.OnlyServer2", "BootstrapBlazor.OnlyServer2\BootstrapBlazor.OnlyServer2.csproj", "{08A17A8D-E9B5-4ED4-A2EF-86945A2CFBB2}"
EndProject
Global
	GlobalSection(SolutionConfigurationPlatforms) = preSolution
		Debug|Any CPU = Debug|Any CPU
		Release|Any CPU = Release|Any CPU
	EndGlobalSection
	GlobalSection(ProjectConfigurationPlatforms) = postSolution
		{1BE4D3D0-D7D6-4EB7-868A-8C943AEEDDD6}.Debug|Any CPU.ActiveCfg = Debug|Any CPU
		{1BE4D3D0-D7D6-4EB7-868A-8C943AEEDDD6}.Debug|Any CPU.Build.0 = Debug|Any CPU
		{1BE4D3D0-D7D6-4EB7-868A-8C943AEEDDD6}.Release|Any CPU.ActiveCfg = Release|Any CPU
		{1BE4D3D0-D7D6-4EB7-868A-8C943AEEDDD6}.Release|Any CPU.Build.0 = Release|Any CPU
		{D9CCD5E2-8DA1-4FE2-AA02-A726C995788B}.Debug|Any CPU.ActiveCfg = Debug|Any CPU
		{D9CCD5E2-8DA1-4FE2-AA02-A726C995788B}.Debug|Any CPU.Build.0 = Debug|Any CPU
		{D9CCD5E2-8DA1-4FE2-AA02-A726C995788B}.Release|Any CPU.ActiveCfg = Release|Any CPU
		{D9CCD5E2-8DA1-4FE2-AA02-A726C995788B}.Release|Any CPU.Build.0 = Release|Any CPU
		{3A5AA724-2753-4FD9-BBEF-277EF09D2903}.Debug|Any CPU.ActiveCfg = Debug|Any CPU
		{3A5AA724-2753-4FD9-BBEF-277EF09D2903}.Debug|Any CPU.Build.0 = Debug|Any CPU
		{3A5AA724-2753-4FD9-BBEF-277EF09D2903}.Release|Any CPU.ActiveCfg = Release|Any CPU
		{3A5AA724-2753-4FD9-BBEF-277EF09D2903}.Release|Any CPU.Build.0 = Release|Any CPU
		{CCE2B2E4-064E-4208-923F-057890B0C774}.Debug|Any CPU.ActiveCfg = Debug|Any CPU
		{CCE2B2E4-064E-4208-923F-057890B0C774}.Debug|Any CPU.Build.0 = Debug|Any CPU
		{CCE2B2E4-064E-4208-923F-057890B0C774}.Release|Any CPU.ActiveCfg = Release|Any CPU
		{CCE2B2E4-064E-4208-923F-057890B0C774}.Release|Any CPU.Build.0 = Release|Any CPU
		{70C25984-E4F8-441C-BA49-62F512B77D87}.Debug|Any CPU.ActiveCfg = Debug|Any CPU
		{70C25984-E4F8-441C-BA49-62F512B77D87}.Debug|Any CPU.Build.0 = Debug|Any CPU
		{70C25984-E4F8-441C-BA49-62F512B77D87}.Release|Any CPU.ActiveCfg = Release|Any CPU
		{70C25984-E4F8-441C-BA49-62F512B77D87}.Release|Any CPU.Build.0 = Release|Any CPU
		{A8E6D72F-C585-4A04-86F9-949AE3A8A378}.Debug|Any CPU.ActiveCfg = Debug|Any CPU
		{A8E6D72F-C585-4A04-86F9-949AE3A8A378}.Debug|Any CPU.Build.0 = Debug|Any CPU
		{A8E6D72F-C585-4A04-86F9-949AE3A8A378}.Release|Any CPU.ActiveCfg = Release|Any CPU
		{A8E6D72F-C585-4A04-86F9-949AE3A8A378}.Release|Any CPU.Build.0 = Release|Any CPU
		{65FB870C-380C-4280-AC07-1AA0E30F8974}.Debug|Any CPU.ActiveCfg = Debug|Any CPU
		{65FB870C-380C-4280-AC07-1AA0E30F8974}.Debug|Any CPU.Build.0 = Debug|Any CPU
		{65FB870C-380C-4280-AC07-1AA0E30F8974}.Release|Any CPU.ActiveCfg = Release|Any CPU
		{65FB870C-380C-4280-AC07-1AA0E30F8974}.Release|Any CPU.Build.0 = Release|Any CPU
		{72F0311D-7400-42F6-9E7A-78D34CC5F37D}.Debug|Any CPU.ActiveCfg = Debug|Any CPU
		{72F0311D-7400-42F6-9E7A-78D34CC5F37D}.Debug|Any CPU.Build.0 = Debug|Any CPU
		{72F0311D-7400-42F6-9E7A-78D34CC5F37D}.Release|Any CPU.ActiveCfg = Release|Any CPU
		{72F0311D-7400-42F6-9E7A-78D34CC5F37D}.Release|Any CPU.Build.0 = Release|Any CPU
		{FF457F70-682E-479A-BCDA-15E29BCF5414}.Debug|Any CPU.ActiveCfg = Debug|Any CPU
		{FF457F70-682E-479A-BCDA-15E29BCF5414}.Debug|Any CPU.Build.0 = Debug|Any CPU
		{FF457F70-682E-479A-BCDA-15E29BCF5414}.Release|Any CPU.ActiveCfg = Release|Any CPU
		{FF457F70-682E-479A-BCDA-15E29BCF5414}.Release|Any CPU.Build.0 = Release|Any CPU
		{A3D4144E-1AD5-4826-A639-93299C611C1D}.Debug|Any CPU.ActiveCfg = Debug|Any CPU
		{A3D4144E-1AD5-4826-A639-93299C611C1D}.Debug|Any CPU.Build.0 = Debug|Any CPU
		{A3D4144E-1AD5-4826-A639-93299C611C1D}.Release|Any CPU.ActiveCfg = Release|Any CPU
		{A3D4144E-1AD5-4826-A639-93299C611C1D}.Release|Any CPU.Build.0 = Release|Any CPU
		{8BA40BF3-83D1-401B-B3C7-5B4AF3055344}.Debug|Any CPU.ActiveCfg = Debug|Any CPU
		{8BA40BF3-83D1-401B-B3C7-5B4AF3055344}.Debug|Any CPU.Build.0 = Debug|Any CPU
		{8BA40BF3-83D1-401B-B3C7-5B4AF3055344}.Release|Any CPU.ActiveCfg = Release|Any CPU
		{8BA40BF3-83D1-401B-B3C7-5B4AF3055344}.Release|Any CPU.Build.0 = Release|Any CPU
		{AF415927-0A0C-4522-9F87-DA7F214C22D0}.Debug|Any CPU.ActiveCfg = Debug|Any CPU
		{AF415927-0A0C-4522-9F87-DA7F214C22D0}.Debug|Any CPU.Build.0 = Debug|Any CPU
		{AF415927-0A0C-4522-9F87-DA7F214C22D0}.Release|Any CPU.ActiveCfg = Release|Any CPU
		{AF415927-0A0C-4522-9F87-DA7F214C22D0}.Release|Any CPU.Build.0 = Release|Any CPU
		{14F3D7FC-06BE-48EC-A40B-9DB2E412A4BF}.Debug|Any CPU.ActiveCfg = Debug|Any CPU
		{14F3D7FC-06BE-48EC-A40B-9DB2E412A4BF}.Debug|Any CPU.Build.0 = Debug|Any CPU
		{14F3D7FC-06BE-48EC-A40B-9DB2E412A4BF}.Release|Any CPU.ActiveCfg = Release|Any CPU
		{14F3D7FC-06BE-48EC-A40B-9DB2E412A4BF}.Release|Any CPU.Build.0 = Release|Any CPU
		{04E491DD-3DB9-4E38-AF2C-3DC86CC853D1}.Debug|Any CPU.ActiveCfg = Debug|Any CPU
		{04E491DD-3DB9-4E38-AF2C-3DC86CC853D1}.Debug|Any CPU.Build.0 = Debug|Any CPU
		{04E491DD-3DB9-4E38-AF2C-3DC86CC853D1}.Release|Any CPU.ActiveCfg = Release|Any CPU
		{04E491DD-3DB9-4E38-AF2C-3DC86CC853D1}.Release|Any CPU.Build.0 = Release|Any CPU
		{A0CA376B-9F8B-4537-85D1-1FF2E06191E3}.Debug|Any CPU.ActiveCfg = Debug|Any CPU
		{A0CA376B-9F8B-4537-85D1-1FF2E06191E3}.Debug|Any CPU.Build.0 = Debug|Any CPU
		{A0CA376B-9F8B-4537-85D1-1FF2E06191E3}.Release|Any CPU.ActiveCfg = Release|Any CPU
		{A0CA376B-9F8B-4537-85D1-1FF2E06191E3}.Release|Any CPU.Build.0 = Release|Any CPU
		{153703CE-61F7-4E6E-8B58-E54E5823A19A}.Debug|Any CPU.ActiveCfg = Debug|Any CPU
		{153703CE-61F7-4E6E-8B58-E54E5823A19A}.Debug|Any CPU.Build.0 = Debug|Any CPU
		{153703CE-61F7-4E6E-8B58-E54E5823A19A}.Release|Any CPU.ActiveCfg = Release|Any CPU
		{153703CE-61F7-4E6E-8B58-E54E5823A19A}.Release|Any CPU.Build.0 = Release|Any CPU
		{6CCB0CF2-BE2D-4CA2-B998-1623C24A2AE0}.Debug|Any CPU.ActiveCfg = Debug|Any CPU
		{6CCB0CF2-BE2D-4CA2-B998-1623C24A2AE0}.Debug|Any CPU.Build.0 = Debug|Any CPU
		{6CCB0CF2-BE2D-4CA2-B998-1623C24A2AE0}.Release|Any CPU.ActiveCfg = Release|Any CPU
		{6CCB0CF2-BE2D-4CA2-B998-1623C24A2AE0}.Release|Any CPU.Build.0 = Release|Any CPU
		{3F388B1B-E151-4768-9570-9ACE5D1AAA7F}.Debug|Any CPU.ActiveCfg = Debug|Any CPU
		{3F388B1B-E151-4768-9570-9ACE5D1AAA7F}.Debug|Any CPU.Build.0 = Debug|Any CPU
		{3F388B1B-E151-4768-9570-9ACE5D1AAA7F}.Release|Any CPU.ActiveCfg = Release|Any CPU
		{3F388B1B-E151-4768-9570-9ACE5D1AAA7F}.Release|Any CPU.Build.0 = Release|Any CPU
		{FC7591EB-3B82-49AB-91CD-C6801D24D37E}.Debug|Any CPU.ActiveCfg = Debug|Any CPU
		{FC7591EB-3B82-49AB-91CD-C6801D24D37E}.Debug|Any CPU.Build.0 = Debug|Any CPU
		{FC7591EB-3B82-49AB-91CD-C6801D24D37E}.Release|Any CPU.ActiveCfg = Release|Any CPU
		{FC7591EB-3B82-49AB-91CD-C6801D24D37E}.Release|Any CPU.Build.0 = Release|Any CPU
		{96F5FBF2-1D7F-44B4-97D8-B8AD30CBC683}.Debug|Any CPU.ActiveCfg = Debug|Any CPU
		{96F5FBF2-1D7F-44B4-97D8-B8AD30CBC683}.Debug|Any CPU.Build.0 = Debug|Any CPU
		{96F5FBF2-1D7F-44B4-97D8-B8AD30CBC683}.Release|Any CPU.ActiveCfg = Release|Any CPU
		{96F5FBF2-1D7F-44B4-97D8-B8AD30CBC683}.Release|Any CPU.Build.0 = Release|Any CPU
		{9B40CD29-3405-4D89-BF27-87D400FB7D5C}.Debug|Any CPU.ActiveCfg = Debug|Any CPU
		{9B40CD29-3405-4D89-BF27-87D400FB7D5C}.Debug|Any CPU.Build.0 = Debug|Any CPU
		{9B40CD29-3405-4D89-BF27-87D400FB7D5C}.Release|Any CPU.ActiveCfg = Release|Any CPU
		{9B40CD29-3405-4D89-BF27-87D400FB7D5C}.Release|Any CPU.Build.0 = Release|Any CPU
		{637583D5-4483-4CF8-9DA6-13DDDA0F7567}.Debug|Any CPU.ActiveCfg = Debug|Any CPU
		{637583D5-4483-4CF8-9DA6-13DDDA0F7567}.Debug|Any CPU.Build.0 = Debug|Any CPU
		{637583D5-4483-4CF8-9DA6-13DDDA0F7567}.Release|Any CPU.ActiveCfg = Release|Any CPU
		{637583D5-4483-4CF8-9DA6-13DDDA0F7567}.Release|Any CPU.Build.0 = Release|Any CPU
		{95E9F2E8-54D4-42C4-8E08-5467944D09FE}.Debug|Any CPU.ActiveCfg = Debug|Any CPU
		{95E9F2E8-54D4-42C4-8E08-5467944D09FE}.Debug|Any CPU.Build.0 = Debug|Any CPU
		{95E9F2E8-54D4-42C4-8E08-5467944D09FE}.Release|Any CPU.ActiveCfg = Release|Any CPU
		{95E9F2E8-54D4-42C4-8E08-5467944D09FE}.Release|Any CPU.Build.0 = Release|Any CPU
		{04C7C925-FD4B-4AB7-B854-7FBAA4EDA240}.Debug|Any CPU.ActiveCfg = Debug|Any CPU
		{04C7C925-FD4B-4AB7-B854-7FBAA4EDA240}.Debug|Any CPU.Build.0 = Debug|Any CPU
		{04C7C925-FD4B-4AB7-B854-7FBAA4EDA240}.Release|Any CPU.ActiveCfg = Release|Any CPU
		{04C7C925-FD4B-4AB7-B854-7FBAA4EDA240}.Release|Any CPU.Build.0 = Release|Any CPU
		{FE8BA93D-FF7D-4229-B888-6F85748B24E5}.Debug|Any CPU.ActiveCfg = Debug|Any CPU
		{FE8BA93D-FF7D-4229-B888-6F85748B24E5}.Debug|Any CPU.Build.0 = Debug|Any CPU
		{FE8BA93D-FF7D-4229-B888-6F85748B24E5}.Release|Any CPU.ActiveCfg = Release|Any CPU
		{FE8BA93D-FF7D-4229-B888-6F85748B24E5}.Release|Any CPU.Build.0 = Release|Any CPU
		{08A17A8D-E9B5-4ED4-A2EF-86945A2CFBB2}.Debug|Any CPU.ActiveCfg = Debug|Any CPU
		{08A17A8D-E9B5-4ED4-A2EF-86945A2CFBB2}.Debug|Any CPU.Build.0 = Debug|Any CPU
		{08A17A8D-E9B5-4ED4-A2EF-86945A2CFBB2}.Release|Any CPU.ActiveCfg = Release|Any CPU
		{08A17A8D-E9B5-4ED4-A2EF-86945A2CFBB2}.Release|Any CPU.Build.0 = Release|Any CPU
	EndGlobalSection
	GlobalSection(SolutionProperties) = preSolution
		HideSolutionNode = FALSE
	EndGlobalSection
	GlobalSection(NestedProjects) = preSolution
		{1BE4D3D0-D7D6-4EB7-868A-8C943AEEDDD6} = {9946B2CE-3E86-44D9-B865-C639993EF1CA}
		{D9CCD5E2-8DA1-4FE2-AA02-A726C995788B} = {9946B2CE-3E86-44D9-B865-C639993EF1CA}
		{3A5AA724-2753-4FD9-BBEF-277EF09D2903} = {356231BF-09C8-4987-ABB2-944C7201F921}
		{CCE2B2E4-064E-4208-923F-057890B0C774} = {356231BF-09C8-4987-ABB2-944C7201F921}
		{70C25984-E4F8-441C-BA49-62F512B77D87} = {F2393146-0E2A-4579-B02B-BBFF3A2E08E0}
		{A8E6D72F-C585-4A04-86F9-949AE3A8A378} = {D99894A2-40D5-4584-87C9-297C37BCC978}
		{C30DDE14-D7E4-43D3-B122-30820072A91F} = {D5312359-D123-44AD-BB1E-64357796F284}
		{D99894A2-40D5-4584-87C9-297C37BCC978} = {C30DDE14-D7E4-43D3-B122-30820072A91F}
		{7A8CB8C3-9E1F-4ED1-ABD8-B81DA6FD2C04} = {D5312359-D123-44AD-BB1E-64357796F284}
		{65FB870C-380C-4280-AC07-1AA0E30F8974} = {7A8CB8C3-9E1F-4ED1-ABD8-B81DA6FD2C04}
		{72F0311D-7400-42F6-9E7A-78D34CC5F37D} = {7A8CB8C3-9E1F-4ED1-ABD8-B81DA6FD2C04}
		{FF457F70-682E-479A-BCDA-15E29BCF5414} = {7A8CB8C3-9E1F-4ED1-ABD8-B81DA6FD2C04}
		{A3D4144E-1AD5-4826-A639-93299C611C1D} = {7A8CB8C3-9E1F-4ED1-ABD8-B81DA6FD2C04}
		{8BA40BF3-83D1-401B-B3C7-5B4AF3055344} = {7A8CB8C3-9E1F-4ED1-ABD8-B81DA6FD2C04}
		{AF415927-0A0C-4522-9F87-DA7F214C22D0} = {7A8CB8C3-9E1F-4ED1-ABD8-B81DA6FD2C04}
		{14F3D7FC-06BE-48EC-A40B-9DB2E412A4BF} = {7A8CB8C3-9E1F-4ED1-ABD8-B81DA6FD2C04}
		{04E491DD-3DB9-4E38-AF2C-3DC86CC853D1} = {7A8CB8C3-9E1F-4ED1-ABD8-B81DA6FD2C04}
		{A0CA376B-9F8B-4537-85D1-1FF2E06191E3} = {7A8CB8C3-9E1F-4ED1-ABD8-B81DA6FD2C04}
		{153703CE-61F7-4E6E-8B58-E54E5823A19A} = {D99894A2-40D5-4584-87C9-297C37BCC978}
		{75C17049-0BFC-4B35-9085-13C958EEBDA7} = {C30DDE14-D7E4-43D3-B122-30820072A91F}
		{6CCB0CF2-BE2D-4CA2-B998-1623C24A2AE0} = {75C17049-0BFC-4B35-9085-13C958EEBDA7}
		{3F388B1B-E151-4768-9570-9ACE5D1AAA7F} = {75C17049-0BFC-4B35-9085-13C958EEBDA7}
		{FC7591EB-3B82-49AB-91CD-C6801D24D37E} = {75C17049-0BFC-4B35-9085-13C958EEBDA7}
		{96F5FBF2-1D7F-44B4-97D8-B8AD30CBC683} = {75C17049-0BFC-4B35-9085-13C958EEBDA7}
		{9B40CD29-3405-4D89-BF27-87D400FB7D5C} = {75C17049-0BFC-4B35-9085-13C958EEBDA7}
		{637583D5-4483-4CF8-9DA6-13DDDA0F7567} = {D99894A2-40D5-4584-87C9-297C37BCC978}
		{95E9F2E8-54D4-42C4-8E08-5467944D09FE} = {D99894A2-40D5-4584-87C9-297C37BCC978}
		{04C7C925-FD4B-4AB7-B854-7FBAA4EDA240} = {D99894A2-40D5-4584-87C9-297C37BCC978}
		{FE8BA93D-FF7D-4229-B888-6F85748B24E5} = {9946B2CE-3E86-44D9-B865-C639993EF1CA}
		{08A17A8D-E9B5-4ED4-A2EF-86945A2CFBB2} = {9946B2CE-3E86-44D9-B865-C639993EF1CA}
	EndGlobalSection
	GlobalSection(ExtensibilityGlobals) = postSolution
		SolutionGuid = {7CA78D35-DCF0-46C5-AC41-2BAC3781BAC4}
	EndGlobalSection
EndGlobal
